
Microsoft Visual Studio Solution File, Format Version 12.00
# Visual Studio Version 17
VisualStudioVersion = 17.9.34723.18
MinimumVisualStudioVersion = 10.0.40219.1
Project("{FAE04EC0-301F-11D3-BF4B-00C04F79EFBC}") = "Tarea2", "Tarea2\Tarea2.csproj", "{A273A0A7-3B10-4007-B79D-B0C9DDA72D3C}"
EndProject
Global
	GlobalSection(SolutionConfigurationPlatforms) = preSolution
		Debug|Any CPU = Debug|Any CPU
		Release|Any CPU = Release|Any CPU
	EndGlobalSection
	GlobalSection(ProjectConfigurationPlatforms) = postSolution
		{A273A0A7-3B10-4007-B79D-B0C9DDA72D3C}.Debug|Any CPU.ActiveCfg = Debug|Any CPU
		{A273A0A7-3B10-4007-B79D-B0C9DDA72D3C}.Debug|Any CPU.Build.0 = Debug|Any CPU
		{A273A0A7-3B10-4007-B79D-B0C9DDA72D3C}.Release|Any CPU.ActiveCfg = Release|Any CPU
		{A273A0A7-3B10-4007-B79D-B0C9DDA72D3C}.Release|Any CPU.Build.0 = Release|Any CPU
	EndGlobalSection
	GlobalSection(SolutionProperties) = preSolution
		HideSolutionNode = FALSE
	EndGlobalSection
	GlobalSection(ExtensibilityGlobals) = postSolution
		SolutionGuid = {ADAE9E86-1489-4060-9A2D-166B59FFB165}
	EndGlobalSection
EndGlobal
